{
  "name": "@wuwen/web",
  "version": "1.0.0",
  "lockfileVersion": 3,
  "requires": true,
  "packages": {
    "": {
      "name": "@wuwen/web",
      "version": "1.0.0",
      "dependencies": {
        "@wuwen/core": "file:../core"
      }
    },
    "../core": {
      "name": "@wuwen/core",
      "version": "1.0.0"
    },
    "node_modules/@wuwen/core": {
      "resolved": "../core",
      "link": true
    }
  }
}
